Microsoft Visual Studio Solution File, Format Version 12.00
# Visual Studio 2012
Project("{FAE04EC0-301F-11D3-BF4B-00C04F79EFBC}") = "Knotical", "Knotical.csproj", "{9AD017D3-37D6-4635-8177-EBFEFB1B80FA}"
EndProject
Global
	GlobalSection(SolutionConfigurationPlatforms) = preSolution
	Debug|Any CPU = Debug|Any CPU
	ExportDebug|Any CPU = ExportDebug|Any CPU
	ExportRelease|Any CPU = ExportRelease|Any CPU
	EndGlobalSection
	GlobalSection(ProjectConfigurationPlatforms) = postSolution
		{9AD017D3-37D6-4635-8177-EBFEFB1B80FA}.Debug|Any CPU.ActiveCfg = Debug|Any CPU
		{9AD017D3-37D6-4635-8177-EBFEFB1B80FA}.Debug|Any CPU.Build.0 = Debug|Any CPU
		{9AD017D3-37D6-4635-8177-EBFEFB1B80FA}.ExportDebug|Any CPU.ActiveCfg = ExportDebug|Any CPU
		{9AD017D3-37D6-4635-8177-EBFEFB1B80FA}.ExportDebug|Any CPU.Build.0 = ExportDebug|Any CPU
		{9AD017D3-37D6-4635-8177-EBFEFB1B80FA}.ExportRelease|Any CPU.ActiveCfg = ExportRelease|Any CPU
		{9AD017D3-37D6-4635-8177-EBFEFB1B80FA}.ExportRelease|Any CPU.Build.0 = ExportRelease|Any CPU
	EndGlobalSection
EndGlobal
